// !$*UTF8*$!
{
	archiveVersion = 1;
	classes = {
	};
	objectVersion = 56;
	objects = {

/* Begin PBXBuildFile section */
		5897B1BA2A9B53A9006ADC33 /* AppDelegate.swift in Sources */ = {isa = PBXBuildFile; fileRef = 5897B1B92A9B53A9006ADC33 /* AppDelegate.swift */; };
		5897B1BC2A9B53A9006ADC33 /* SceneDelegate.swift in Sources */ = {isa = PBXBuildFile; fileRef = 5897B1BB2A9B53A9006ADC33 /* SceneDelegate.swift */; };
		5897B1BE2A9B53A9006ADC33 /* CatalogViewController.swift in Sources */ = {isa = PBXBuildFile; fileRef = 5897B1BD2A9B53A9006ADC33 /* CatalogViewController.swift */; };
		5897B1C32A9B53AA006ADC33 /* Assets.xcassets in Resources */ = {isa = PBXBuildFile; fileRef = 5897B1C22A9B53AA006ADC33 /* Assets.xcassets */; };
		5897B1C62A9B53AA006ADC33 /* LaunchScreen.storyboard in Resources */ = {isa = PBXBuildFile; fileRef = 5897B1C42A9B53AA006ADC33 /* LaunchScreen.storyboard */; };
		5897B1D42A9B6328006ADC33 /* TabBarController.swift in Sources */ = {isa = PBXBuildFile; fileRef = 5897B1D32A9B6328006ADC33 /* TabBarController.swift */; };
		5897B1D72A9B6521006ADC33 /* UIColor+Extentions.swift in Sources */ = {isa = PBXBuildFile; fileRef = 5897B1D62A9B6521006ADC33 /* UIColor+Extentions.swift */; };
		5897B1DD2A9B6601006ADC33 /* FavoritesViewController.swift in Sources */ = {isa = PBXBuildFile; fileRef = 5897B1DC2A9B6601006ADC33 /* FavoritesViewController.swift */; };
		5897B1DF2A9B660A006ADC33 /* AdsViewController.swift in Sources */ = {isa = PBXBuildFile; fileRef = 5897B1DE2A9B660A006ADC33 /* AdsViewController.swift */; };
		5897B1E12A9B6612006ADC33 /* MessagesViewController.swift in Sources */ = {isa = PBXBuildFile; fileRef = 5897B1E02A9B6612006ADC33 /* MessagesViewController.swift */; };
		5897B1E32A9B661A006ADC33 /* ProfileViewController.swift in Sources */ = {isa = PBXBuildFile; fileRef = 5897B1E22A9B661A006ADC33 /* ProfileViewController.swift */; };
		5897B1FE2A9F2D78006ADC33 /* CatalogCell.swift in Sources */ = {isa = PBXBuildFile; fileRef = 5897B1FD2A9F2D78006ADC33 /* CatalogCell.swift */; };
		5897B2012A9F2E1B006ADC33 /* Kingfisher in Frameworks */ = {isa = PBXBuildFile; productRef = 5897B2002A9F2E1B006ADC33 /* Kingfisher */; };
		5897B2052A9F3C68006ADC33 /* NetworkClient.swift in Sources */ = {isa = PBXBuildFile; fileRef = 5897B2042A9F3C68006ADC33 /* NetworkClient.swift */; };
		5897B2082A9F47C9006ADC33 /* NetworkRequest.swift in Sources */ = {isa = PBXBuildFile; fileRef = 5897B2072A9F47C9006ADC33 /* NetworkRequest.swift */; };
		5897B20A2A9F49FE006ADC33 /* ProductListService.swift in Sources */ = {isa = PBXBuildFile; fileRef = 5897B2092A9F49FE006ADC33 /* ProductListService.swift */; };
		5897B20D2A9F4A77006ADC33 /* Advertisements.swift in Sources */ = {isa = PBXBuildFile; fileRef = 5897B20C2A9F4A77006ADC33 /* Advertisements.swift */; };
		5897B2102A9F5452006ADC33 /* AdvertismtentsRequest.swift in Sources */ = {isa = PBXBuildFile; fileRef = 5897B20F2A9F5452006ADC33 /* AdvertismtentsRequest.swift */; };
		5897B2122A9F5D26006ADC33 /* DetailsRequest.swift in Sources */ = {isa = PBXBuildFile; fileRef = 5897B2112A9F5D26006ADC33 /* DetailsRequest.swift */; };
		5897B2142A9F63F5006ADC33 /* DetailsService.swift in Sources */ = {isa = PBXBuildFile; fileRef = 5897B2132A9F63F5006ADC33 /* DetailsService.swift */; };
		5897B2162A9F6539006ADC33 /* Details.swift in Sources */ = {isa = PBXBuildFile; fileRef = 5897B2152A9F6539006ADC33 /* Details.swift */; };
		5897B2182A9F730C006ADC33 /* CatalogViewModel.swift in Sources */ = {isa = PBXBuildFile; fileRef = 5897B2172A9F730C006ADC33 /* CatalogViewModel.swift */; };
		5897B21A2A9F7344006ADC33 /* Observable.swift in Sources */ = {isa = PBXBuildFile; fileRef = 5897B2192A9F7344006ADC33 /* Observable.swift */; };
		5897B21D2A9F9CBB006ADC33 /* DetailsViewController.swift in Sources */ = {isa = PBXBuildFile; fileRef = 5897B21C2A9F9CBB006ADC33 /* DetailsViewController.swift */; };
		5897B21F2A9F9CC2006ADC33 /* DetailsViewModel.swift in Sources */ = {isa = PBXBuildFile; fileRef = 5897B21E2A9F9CC2006ADC33 /* DetailsViewModel.swift */; };
/* End PBXBuildFile section */

/* Begin PBXFileReference section */
		5897B1B62A9B53A9006ADC33 /* AvitoTask.app */ = {isa = PBXFileReference; explicitFileType = wrapper.application; includeInIndex = 0; path = AvitoTask.app; sourceTree = BUILT_PRODUCTS_DIR; };
		5897B1B92A9B53A9006ADC33 /* AppDelegate.swift */ = {isa = PBXFileReference; lastKnownFileType = sourcecode.swift; path = AppDelegate.swift; sourceTree = "<group>"; };
		5897B1BB2A9B53A9006ADC33 /* SceneDelegate.swift */ = {isa = PBXFileReference; lastKnownFileType = sourcecode.swift; path = SceneDelegate.swift; sourceTree = "<group>"; };
		5897B1BD2A9B53A9006ADC33 /* CatalogViewController.swift */ = {isa = PBXFileReference; lastKnownFileType = sourcecode.swift; path = CatalogViewController.swift; sourceTree = "<group>"; };
		5897B1C22A9B53AA006ADC33 /* Assets.xcassets */ = {isa = PBXFileReference; lastKnownFileType = folder.assetcatalog; path = Assets.xcassets; sourceTree = "<group>"; };
		5897B1C52A9B53AA006ADC33 /* Base */ = {isa = PBXFileReference; lastKnownFileType = file.storyboard; name = Base; path = Base.lproj/LaunchScreen.storyboard; sourceTree = "<group>"; };
		5897B1C72A9B53AA006ADC33 /* Info.plist */ = {isa = PBXFileReference; lastKnownFileType = text.plist.xml; path = Info.plist; sourceTree = "<group>"; };
		5897B1D32A9B6328006ADC33 /* TabBarController.swift */ = {isa = PBXFileReference; lastKnownFileType = sourcecode.swift; path = TabBarController.swift; sourceTree = "<group>"; };
		5897B1D62A9B6521006ADC33 /* UIColor+Extentions.swift */ = {isa = PBXFileReference; lastKnownFileType = sourcecode.swift; path = "UIColor+Extentions.swift"; sourceTree = "<group>"; };
		5897B1DC2A9B6601006ADC33 /* FavoritesViewController.swift */ = {isa = PBXFileReference; lastKnownFileType = sourcecode.swift; path = FavoritesViewController.swift; sourceTree = "<group>"; };
		5897B1DE2A9B660A006ADC33 /* AdsViewController.swift */ = {isa = PBXFileReference; lastKnownFileType = sourcecode.swift; path = AdsViewController.swift; sourceTree = "<group>"; };
		5897B1E02A9B6612006ADC33 /* MessagesViewController.swift */ = {isa = PBXFileReference; lastKnownFileType = sourcecode.swift; path = MessagesViewController.swift; sourceTree = "<group>"; };
		5897B1E22A9B661A006ADC33 /* ProfileViewController.swift */ = {isa = PBXFileReference; lastKnownFileType = sourcecode.swift; path = ProfileViewController.swift; sourceTree = "<group>"; };
		5897B1FD2A9F2D78006ADC33 /* CatalogCell.swift */ = {isa = PBXFileReference; lastKnownFileType = sourcecode.swift; path = CatalogCell.swift; sourceTree = "<group>"; };
		5897B2042A9F3C68006ADC33 /* NetworkClient.swift */ = {isa = PBXFileReference; lastKnownFileType = sourcecode.swift; path = NetworkClient.swift; sourceTree = "<group>"; };
		5897B2072A9F47C9006ADC33 /* NetworkRequest.swift */ = {isa = PBXFileReference; lastKnownFileType = sourcecode.swift; path = NetworkRequest.swift; sourceTree = "<group>"; };
		5897B2092A9F49FE006ADC33 /* ProductListService.swift */ = {isa = PBXFileReference; lastKnownFileType = sourcecode.swift; path = ProductListService.swift; sourceTree = "<group>"; };
		5897B20C2A9F4A77006ADC33 /* Advertisements.swift */ = {isa = PBXFileReference; lastKnownFileType = sourcecode.swift; path = Advertisements.swift; sourceTree = "<group>"; };
		5897B20F2A9F5452006ADC33 /* AdvertismtentsRequest.swift */ = {isa = PBXFileReference; lastKnownFileType = sourcecode.swift; path = AdvertismtentsRequest.swift; sourceTree = "<group>"; };
		5897B2112A9F5D26006ADC33 /* DetailsRequest.swift */ = {isa = PBXFileReference; lastKnownFileType = sourcecode.swift; path = DetailsRequest.swift; sourceTree = "<group>"; };
		5897B2132A9F63F5006ADC33 /* DetailsService.swift */ = {isa = PBXFileReference; lastKnownFileType = sourcecode.swift; path = DetailsService.swift; sourceTree = "<group>"; };
		5897B2152A9F6539006ADC33 /* Details.swift */ = {isa = PBXFileReference; lastKnownFileType = sourcecode.swift; path = Details.swift; sourceTree = "<group>"; };
		5897B2172A9F730C006ADC33 /* CatalogViewModel.swift */ = {isa = PBXFileReference; lastKnownFileType = sourcecode.swift; path = CatalogViewModel.swift; sourceTree = "<group>"; };
		5897B2192A9F7344006ADC33 /* Observable.swift */ = {isa = PBXFileReference; lastKnownFileType = sourcecode.swift; path = Observable.swift; sourceTree = "<group>"; };
		5897B21C2A9F9CBB006ADC33 /* DetailsViewController.swift */ = {isa = PBXFileReference; lastKnownFileType = sourcecode.swift; path = DetailsViewController.swift; sourceTree = "<group>"; };
		5897B21E2A9F9CC2006ADC33 /* DetailsViewModel.swift */ = {isa = PBXFileReference; lastKnownFileType = sourcecode.swift; path = DetailsViewModel.swift; sourceTree = "<group>"; };
/* End PBXFileReference section */

/* Begin PBXFrameworksBuildPhase section */
		5897B1B32A9B53A9006ADC33 /* Frameworks */ = {
			isa = PBXFrameworksBuildPhase;
			buildActionMask = 2147483647;
			files = (
				5897B2012A9F2E1B006ADC33 /* Kingfisher in Frameworks */,
			);
			runOnlyForDeploymentPostprocessing = 0;
		};
/* End PBXFrameworksBuildPhase section */

/* Begin PBXGroup section */
		5897B1AD2A9B53A9006ADC33 = {
			isa = PBXGroup;
			children = (
				5897B1B82A9B53A9006ADC33 /* AvitoTask */,
				5897B1B72A9B53A9006ADC33 /* Products */,
			);
			sourceTree = "<group>";
		};
		5897B1B72A9B53A9006ADC33 /* Products */ = {
			isa = PBXGroup;
			children = (
				5897B1B62A9B53A9006ADC33 /* AvitoTask.app */,
			);
			name = Products;
			sourceTree = "<group>";
		};
		5897B1B82A9B53A9006ADC33 /* AvitoTask */ = {
			isa = PBXGroup;
			children = (
				5897B1E52A9B7601006ADC33 /* Services */,
				5897B1D52A9B6513006ADC33 /* Helpers */,
				5897B1CD2A9B5440006ADC33 /* Appilication */,
				5897B1D02A9B56F2006ADC33 /* Presentation */,
				5897B1CE2A9B545D006ADC33 /* Resources */,
				5897B1CF2A9B5465006ADC33 /* InfoPlist */,
			);
			path = AvitoTask;
			sourceTree = "<group>";
		};
		5897B1CD2A9B5440006ADC33 /* Appilication */ = {
			isa = PBXGroup;
			children = (
				5897B1B92A9B53A9006ADC33 /* AppDelegate.swift */,
				5897B1BB2A9B53A9006ADC33 /* SceneDelegate.swift */,
			);
			path = Appilication;
			sourceTree = "<group>";
		};
		5897B1CE2A9B545D006ADC33 /* Resources */ = {
			isa = PBXGroup;
			children = (
				5897B1C22A9B53AA006ADC33 /* Assets.xcassets */,
				5897B1C42A9B53AA006ADC33 /* LaunchScreen.storyboard */,
			);
			path = Resources;
			sourceTree = "<group>";
		};
		5897B1CF2A9B5465006ADC33 /* InfoPlist */ = {
			isa = PBXGroup;
			children = (
				5897B1C72A9B53AA006ADC33 /* Info.plist */,
			);
			path = InfoPlist;
			sourceTree = "<group>";
		};
		5897B1D02A9B56F2006ADC33 /* Presentation */ = {
			isa = PBXGroup;
			children = (
				5897B1D12A9B5701006ADC33 /* Catalog */,
				5897B1D82A9B6573006ADC33 /* Favorites */,
				5897B1D92A9B657A006ADC33 /* Ads */,
				5897B1DA2A9B65C0006ADC33 /* Messages */,
				5897B1DB2A9B65C7006ADC33 /* Profile */,
				5897B1D32A9B6328006ADC33 /* TabBarController.swift */,
			);
			path = Presentation;
			sourceTree = "<group>";
		};
		5897B1D12A9B5701006ADC33 /* Catalog */ = {
			isa = PBXGroup;
			children = (
				5897B1BD2A9B53A9006ADC33 /* CatalogViewController.swift */,
				5897B1FD2A9F2D78006ADC33 /* CatalogCell.swift */,
				5897B2172A9F730C006ADC33 /* CatalogViewModel.swift */,
				5897B1D22A9B574A006ADC33 /* DetailsScreen */,
			);
			path = Catalog;
			sourceTree = "<group>";
		};
		5897B1D22A9B574A006ADC33 /* DetailsScreen */ = {
			isa = PBXGroup;
			children = (
				5897B21C2A9F9CBB006ADC33 /* DetailsViewController.swift */,
				5897B21E2A9F9CC2006ADC33 /* DetailsViewModel.swift */,
			);
			path = DetailsScreen;
			sourceTree = "<group>";
		};
		5897B1D52A9B6513006ADC33 /* Helpers */ = {
			isa = PBXGroup;
			children = (
				5897B1D62A9B6521006ADC33 /* UIColor+Extentions.swift */,
				5897B2192A9F7344006ADC33 /* Observable.swift */,
			);
			path = Helpers;
			sourceTree = "<group>";
		};
		5897B1D82A9B6573006ADC33 /* Favorites */ = {
			isa = PBXGroup;
			children = (
				5897B1DC2A9B6601006ADC33 /* FavoritesViewController.swift */,
			);
			path = Favorites;
			sourceTree = "<group>";
		};
		5897B1D92A9B657A006ADC33 /* Ads */ = {
			isa = PBXGroup;
			children = (
				5897B1DE2A9B660A006ADC33 /* AdsViewController.swift */,
			);
			path = Ads;
			sourceTree = "<group>";
		};
		5897B1DA2A9B65C0006ADC33 /* Messages */ = {
			isa = PBXGroup;
			children = (
				5897B1E02A9B6612006ADC33 /* MessagesViewController.swift */,
			);
			path = Messages;
			sourceTree = "<group>";
		};
		5897B1DB2A9B65C7006ADC33 /* Profile */ = {
			isa = PBXGroup;
			children = (
				5897B1E22A9B661A006ADC33 /* ProfileViewController.swift */,
			);
			name = Profile;
			path = Messages;
			sourceTree = "<group>";
		};
		5897B1E52A9B7601006ADC33 /* Services */ = {
			isa = PBXGroup;
			children = (
				5897B20B2A9F4A5B006ADC33 /* Models */,
				5897B2062A9F47B4006ADC33 /* NetworkService */,
				5897B2092A9F49FE006ADC33 /* ProductListService.swift */,
				5897B2132A9F63F5006ADC33 /* DetailsService.swift */,
			);
			path = Services;
			sourceTree = "<group>";
		};
		5897B2062A9F47B4006ADC33 /* NetworkService */ = {
			isa = PBXGroup;
			children = (
				5897B20E2A9F5443006ADC33 /* Requests */,
				5897B21B2A9F9B3D006ADC33 /* NetworkClient */,
			);
			path = NetworkService;
			sourceTree = "<group>";
		};
		5897B20B2A9F4A5B006ADC33 /* Models */ = {
			isa = PBXGroup;
			children = (
				5897B20C2A9F4A77006ADC33 /* Advertisements.swift */,
				5897B2152A9F6539006ADC33 /* Details.swift */,
			);
			path = Models;
			sourceTree = "<group>";
		};
		5897B20E2A9F5443006ADC33 /* Requests */ = {
			isa = PBXGroup;
			children = (
				5897B2072A9F47C9006ADC33 /* NetworkRequest.swift */,
				5897B20F2A9F5452006ADC33 /* AdvertismtentsRequest.swift */,
				5897B2112A9F5D26006ADC33 /* DetailsRequest.swift */,
			);
			path = Requests;
			sourceTree = "<group>";
		};
		5897B21B2A9F9B3D006ADC33 /* NetworkClient */ = {
			isa = PBXGroup;
			children = (
				5897B2042A9F3C68006ADC33 /* NetworkClient.swift */,
			);
			path = NetworkClient;
			sourceTree = "<group>";
		};
/* End PBXGroup section */

/* Begin PBXNativeTarget section */
		5897B1B52A9B53A9006ADC33 /* AvitoTask */ = {
			isa = PBXNativeTarget;
			buildConfigurationList = 5897B1CA2A9B53AA006ADC33 /* Build configuration list for PBXNativeTarget "AvitoTask" */;
			buildPhases = (
				5897B1B22A9B53A9006ADC33 /* Sources */,
				5897B1B32A9B53A9006ADC33 /* Frameworks */,
				5897B1B42A9B53A9006ADC33 /* Resources */,
			);
			buildRules = (
			);
			dependencies = (
			);
			name = AvitoTask;
			packageProductDependencies = (
				5897B2002A9F2E1B006ADC33 /* Kingfisher */,
			);
			productName = AvitoTask;
			productReference = 5897B1B62A9B53A9006ADC33 /* AvitoTask.app */;
			productType = "com.apple.product-type.application";
		};
/* End PBXNativeTarget section */

/* Begin PBXProject section */
		5897B1AE2A9B53A9006ADC33 /* Project object */ = {
			isa = PBXProject;
			attributes = {
				BuildIndependentTargetsInParallel = 1;
				LastSwiftUpdateCheck = 1420;
				LastUpgradeCheck = 1420;
				TargetAttributes = {
					5897B1B52A9B53A9006ADC33 = {
						CreatedOnToolsVersion = 14.2;
					};
				};
			};
			buildConfigurationList = 5897B1B12A9B53A9006ADC33 /* Build configuration list for PBXProject "AvitoTask" */;
			compatibilityVersion = "Xcode 14.0";
			developmentRegion = en;
			hasScannedForEncodings = 0;
			knownRegions = (
				en,
				Base,
			);
			mainGroup = 5897B1AD2A9B53A9006ADC33;
			packageReferences = (
				5897B1FF2A9F2E1B006ADC33 /* XCRemoteSwiftPackageReference "Kingfisher" */,
			);
			productRefGroup = 5897B1B72A9B53A9006ADC33 /* Products */;
			projectDirPath = "";
			projectRoot = "";
			targets = (
				5897B1B52A9B53A9006ADC33 /* AvitoTask */,
			);
		};
/* End PBXProject section */

/* Begin PBXResourcesBuildPhase section */
		5897B1B42A9B53A9006ADC33 /* Resources */ = {
			isa = PBXResourcesBuildPhase;
			buildActionMask = 2147483647;
			files = (
				5897B1C62A9B53AA006ADC33 /* LaunchScreen.storyboard in Resources */,
				5897B1C32A9B53AA006ADC33 /* Assets.xcassets in Resources */,
			);
			runOnlyForDeploymentPostprocessing = 0;
		};
/* End PBXResourcesBuildPhase section */

/* Begin PBXSourcesBuildPhase section */
		5897B1B22A9B53A9006ADC33 /* Sources */ = {
			isa = PBXSourcesBuildPhase;
			buildActionMask = 2147483647;
			files = (
				5897B2082A9F47C9006ADC33 /* NetworkRequest.swift in Sources */,
				5897B1BE2A9B53A9006ADC33 /* CatalogViewController.swift in Sources */,
				5897B20D2A9F4A77006ADC33 /* Advertisements.swift in Sources */,
				5897B1FE2A9F2D78006ADC33 /* CatalogCell.swift in Sources */,
				5897B1D42A9B6328006ADC33 /* TabBarController.swift in Sources */,
				5897B1DF2A9B660A006ADC33 /* AdsViewController.swift in Sources */,
				5897B1BA2A9B53A9006ADC33 /* AppDelegate.swift in Sources */,
				5897B21F2A9F9CC2006ADC33 /* DetailsViewModel.swift in Sources */,
				5897B2182A9F730C006ADC33 /* CatalogViewModel.swift in Sources */,
				5897B1D72A9B6521006ADC33 /* UIColor+Extentions.swift in Sources */,
				5897B21A2A9F7344006ADC33 /* Observable.swift in Sources */,
				5897B1DD2A9B6601006ADC33 /* FavoritesViewController.swift in Sources */,
				5897B21D2A9F9CBB006ADC33 /* DetailsViewController.swift in Sources */,
				5897B2162A9F6539006ADC33 /* Details.swift in Sources */,
				5897B2142A9F63F5006ADC33 /* DetailsService.swift in Sources */,
				5897B20A2A9F49FE006ADC33 /* ProductListService.swift in Sources */,
				5897B1E32A9B661A006ADC33 /* ProfileViewController.swift in Sources */,
				5897B2102A9F5452006ADC33 /* AdvertismtentsRequest.swift in Sources */,
				5897B1E12A9B6612006ADC33 /* MessagesViewController.swift in Sources */,
				5897B2122A9F5D26006ADC33 /* DetailsRequest.swift in Sources */,
				5897B2052A9F3C68006ADC33 /* NetworkClient.swift in Sources */,
				5897B1BC2A9B53A9006ADC33 /* SceneDelegate.swift in Sources */,
			);
			runOnlyForDeploymentPostprocessing = 0;
		};
/* End PBXSourcesBuildPhase section */

/* Begin PBXVariantGroup section */
		5897B1C42A9B53AA006ADC33 /* LaunchScreen.storyboard */ = {
			isa = PBXVariantGroup;
			children = (
				5897B1C52A9B53AA006ADC33 /* Base */,
			);
			name = LaunchScreen.storyboard;
			sourceTree = "<group>";
		};
/* End PBXVariantGroup section */

/* Begin XCBuildConfiguration section */
		5897B1C82A9B53AA006ADC33 /* Debug */ = {
			isa = XCBuildConfiguration;
			buildSettings = {
				ALWAYS_SEARCH_USER_PATHS = NO;
				CLANG_ANALYZER_NONNULL = YES;
				CLANG_ANALYZER_NUMBER_OBJECT_CONVERSION = YES_AGGRESSIVE;
				CLANG_CXX_LANGUAGE_STANDARD = "gnu++20";
				CLANG_ENABLE_MODULES = YES;
				CLANG_ENABLE_OBJC_ARC = YES;
				CLANG_ENABLE_OBJC_WEAK = YES;
				CLANG_WARN_BLOCK_CAPTURE_AUTORELEASING = YES;
				CLANG_WARN_BOOL_CONVERSION = YES;
				CLANG_WARN_COMMA = YES;
				CLANG_WARN_CONSTANT_CONVERSION = YES;
				CLANG_WARN_DEPRECATED_OBJC_IMPLEMENTATIONS = YES;
				CLANG_WARN_DIRECT_OBJC_ISA_USAGE = YES_ERROR;
				CLANG_WARN_DOCUMENTATION_COMMENTS = YES;
				CLANG_WARN_EMPTY_BODY = YES;
				CLANG_WARN_ENUM_CONVERSION = YES;
				CLANG_WARN_INFINITE_RECURSION = YES;
				CLANG_WARN_INT_CONVERSION = YES;
				CLANG_WARN_NON_LITERAL_NULL_CONVERSION = YES;
				CLANG_WARN_OBJC_IMPLICIT_RETAIN_SELF = YES;
				CLANG_WARN_OBJC_LITERAL_CONVERSION = YES;
				CLANG_WARN_OBJC_ROOT_CLASS = YES_ERROR;
				CLANG_WARN_QUOTED_INCLUDE_IN_FRAMEWORK_HEADER = YES;
				CLANG_WARN_RANGE_LOOP_ANALYSIS = YES;
				CLANG_WARN_STRICT_PROTOTYPES = YES;
				CLANG_WARN_SUSPICIOUS_MOVE = YES;
				CLANG_WARN_UNGUARDED_AVAILABILITY = YES_AGGRESSIVE;
				CLANG_WARN_UNREACHABLE_CODE = YES;
				CLANG_WARN__DUPLICATE_METHOD_MATCH = YES;
				COPY_PHASE_STRIP = NO;
				DEBUG_INFORMATION_FORMAT = dwarf;
				ENABLE_STRICT_OBJC_MSGSEND = YES;
				ENABLE_TESTABILITY = YES;
				GCC_C_LANGUAGE_STANDARD = gnu11;
				GCC_DYNAMIC_NO_PIC = NO;
				GCC_NO_COMMON_BLOCKS = YES;
				GCC_OPTIMIZATION_LEVEL = 0;
				GCC_PREPROCESSOR_DEFINITIONS = (
					"DEBUG=1",
					"$(inherited)",
				);
				GCC_WARN_64_TO_32_BIT_CONVERSION = YES;
				GCC_WARN_ABOUT_RETURN_TYPE = YES_ERROR;
				GCC_WARN_UNDECLARED_SELECTOR = YES;
				GCC_WARN_UNINITIALIZED_AUTOS = YES_AGGRESSIVE;
				GCC_WARN_UNUSED_FUNCTION = YES;
				GCC_WARN_UNUSED_VARIABLE = YES;
				IPHONEOS_DEPLOYMENT_TARGET = 16.2;
				MTL_ENABLE_DEBUG_INFO = INCLUDE_SOURCE;
				MTL_FAST_MATH = YES;
				ONLY_ACTIVE_ARCH = YES;
				SDKROOT = iphoneos;
				SWIFT_ACTIVE_COMPILATION_CONDITIONS = DEBUG;
				SWIFT_OPTIMIZATION_LEVEL = "-Onone";
			};
			name = Debug;
		};
		5897B1C92A9B53AA006ADC33 /* Release */ = {
			isa = XCBuildConfiguration;
			buildSettings = {
				ALWAYS_SEARCH_USER_PATHS = NO;
				CLANG_ANALYZER_NONNULL = YES;
				CLANG_ANALYZER_NUMBER_OBJECT_CONVERSION = YES_AGGRESSIVE;
				CLANG_CXX_LANGUAGE_STANDARD = "gnu++20";
				CLANG_ENABLE_MODULES = YES;
				CLANG_ENABLE_OBJC_ARC = YES;
				CLANG_ENABLE_OBJC_WEAK = YES;
				CLANG_WARN_BLOCK_CAPTURE_AUTORELEASING = YES;
				CLANG_WARN_BOOL_CONVERSION = YES;
				CLANG_WARN_COMMA = YES;
				CLANG_WARN_CONSTANT_CONVERSION = YES;
				CLANG_WARN_DEPRECATED_OBJC_IMPLEMENTATIONS = YES;
				CLANG_WARN_DIRECT_OBJC_ISA_USAGE = YES_ERROR;
				CLANG_WARN_DOCUMENTATION_COMMENTS = YES;
				CLANG_WARN_EMPTY_BODY = YES;
				CLANG_WARN_ENUM_CONVERSION = YES;
				CLANG_WARN_INFINITE_RECURSION = YES;
				CLANG_WARN_INT_CONVERSION = YES;
				CLANG_WARN_NON_LITERAL_NULL_CONVERSION = YES;
				CLANG_WARN_OBJC_IMPLICIT_RETAIN_SELF = YES;
				CLANG_WARN_OBJC_LITERAL_CONVERSION = YES;
				CLANG_WARN_OBJC_ROOT_CLASS = YES_ERROR;
				CLANG_WARN_QUOTED_INCLUDE_IN_FRAMEWORK_HEADER = YES;
				CLANG_WARN_RANGE_LOOP_ANALYSIS = YES;
				CLANG_WARN_STRICT_PROTOTYPES = YES;
				CLANG_WARN_SUSPICIOUS_MOVE = YES;
				CLANG_WARN_UNGUARDED_AVAILABILITY = YES_AGGRESSIVE;
				CLANG_WARN_UNREACHABLE_CODE = YES;
				CLANG_WARN__DUPLICATE_METHOD_MATCH = YES;
				COPY_PHASE_STRIP = NO;
				DEBUG_INFORMATION_FORMAT = "dwarf-with-dsym";
				ENABLE_NS_ASSERTIONS = NO;
				ENABLE_STRICT_OBJC_MSGSEND = YES;
				GCC_C_LANGUAGE_STANDARD = gnu11;
				GCC_NO_COMMON_BLOCKS = YES;
				GCC_WARN_64_TO_32_BIT_CONVERSION = YES;
				GCC_WARN_ABOUT_RETURN_TYPE = YES_ERROR;
				GCC_WARN_UNDECLARED_SELECTOR = YES;
				GCC_WARN_UNINITIALIZED_AUTOS = YES_AGGRESSIVE;
				GCC_WARN_UNUSED_FUNCTION = YES;
				GCC_WARN_UNUSED_VARIABLE = YES;
				IPHONEOS_DEPLOYMENT_TARGET = 16.2;
				MTL_ENABLE_DEBUG_INFO = NO;
				MTL_FAST_MATH = YES;
				SDKROOT = iphoneos;
				SWIFT_COMPILATION_MODE = wholemodule;
				SWIFT_OPTIMIZATION_LEVEL = "-O";
				VALIDATE_PRODUCT = YES;
			};
			name = Release;
		};
		5897B1CB2A9B53AA006ADC33 /* Debug */ = {
			isa = XCBuildConfiguration;
			buildSettings = {
				ASSETCATALOG_COMPILER_APPICON_NAME = AppIcon;
				ASSETCATALOG_COMPILER_GLOBAL_ACCENT_COLOR_NAME = AccentColor;
				CODE_SIGN_STYLE = Automatic;
				CURRENT_PROJECT_VERSION = 1;
				GENERATE_INFOPLIST_FILE = YES;
				INFOPLIST_FILE = AvitoTask/InfoPlist/Info.plist;
				INFOPLIST_KEY_UIApplicationSupportsIndirectInputEvents = YES;
				INFOPLIST_KEY_UILaunchStoryboardName = LaunchScreen;
				INFOPLIST_KEY_UISupportedInterfaceOrientations = UIInterfaceOrientationPortrait;
				INFOPLIST_KEY_UISupportedInterfaceOrientations_iPad = "UIInterfaceOrientationLandscapeLeft UIInterfaceOrientationLandscapeRight UIInterfaceOrientationPortrait UIInterfaceOrientationPortraitUpsideDown";
				IPHONEOS_DEPLOYMENT_TARGET = 13;
				LD_RUNPATH_SEARCH_PATHS = (
					"$(inherited)",
					"@executable_path/Frameworks",
				);
				MARKETING_VERSION = 1.0;
				PRODUCT_BUNDLE_IDENTIFIER = ru.ryan.development.AvitoTask;
				PRODUCT_NAME = "$(TARGET_NAME)";
				SUPPORTED_PLATFORMS = "iphoneos iphonesimulator";
				SUPPORTS_MACCATALYST = NO;
				SUPPORTS_MAC_DESIGNED_FOR_IPHONE_IPAD = NO;
				SWIFT_EMIT_LOC_STRINGS = YES;
				SWIFT_VERSION = 5.0;
				TARGETED_DEVICE_FAMILY = 1;
			};
			name = Debug;
		};
		5897B1CC2A9B53AA006ADC33 /* Release */ = {
			isa = XCBuildConfiguration;
			buildSettings = {
				ASSETCATALOG_COMPILER_APPICON_NAME = AppIcon;
				ASSETCATALOG_COMPILER_GLOBAL_ACCENT_COLOR_NAME = AccentColor;
				CODE_SIGN_STYLE = Automatic;
				CURRENT_PROJECT_VERSION = 1;
				GENERATE_INFOPLIST_FILE = YES;
				INFOPLIST_FILE = AvitoTask/InfoPlist/Info.plist;
				INFOPLIST_KEY_UIApplicationSupportsIndirectInputEvents = YES;
				INFOPLIST_KEY_UILaunchStoryboardName = LaunchScreen;
				INFOPLIST_KEY_UISupportedInterfaceOrientations = UIInterfaceOrientationPortrait;
				INFOPLIST_KEY_UISupportedInterfaceOrientations_iPad = "UIInterfaceOrientationLandscapeLeft UIInterfaceOrientationLandscapeRight UIInterfaceOrientationPortrait UIInterfaceOrientationPortraitUpsideDown";
				IPHONEOS_DEPLOYMENT_TARGET = 13;
				LD_RUNPATH_SEARCH_PATHS = (
					"$(inherited)",
					"@executable_path/Frameworks",
				);
				MARKETING_VERSION = 1.0;
				PRODUCT_BUNDLE_IDENTIFIER = ru.ryan.development.AvitoTask;
				PRODUCT_NAME = "$(TARGET_NAME)";
				SUPPORTED_PLATFORMS = "iphoneos iphonesimulator";
				SUPPORTS_MACCATALYST = NO;
				SUPPORTS_MAC_DESIGNED_FOR_IPHONE_IPAD = NO;
				SWIFT_EMIT_LOC_STRINGS = YES;
				SWIFT_VERSION = 5.0;
				TARGETED_DEVICE_FAMILY = 1;
			};
			name = Release;
		};
/* End XCBuildConfiguration section */

/* Begin XCConfigurationList section */
		5897B1B12A9B53A9006ADC33 /* Build configuration list for PBXProject "AvitoTask" */ = {
			isa = XCConfigurationList;
			buildConfigurations = (
				5897B1C82A9B53AA006ADC33 /* Debug */,
				5897B1C92A9B53AA006ADC33 /* Release */,
			);
			defaultConfigurationIsVisible = 0;
			defaultConfigurationName = Release;
		};
		5897B1CA2A9B53AA006ADC33 /* Build configuration list for PBXNativeTarget "AvitoTask" */ = {
			isa = XCConfigurationList;
			buildConfigurations = (
				5897B1CB2A9B53AA006ADC33 /* Debug */,
				5897B1CC2A9B53AA006ADC33 /* Release */,
			);
			defaultConfigurationIsVisible = 0;
			defaultConfigurationName = Release;
		};
/* End XCConfigurationList section */

/* Begin XCRemoteSwiftPackageReference section */
		5897B1FF2A9F2E1B006ADC33 /* XCRemoteSwiftPackageReference "Kingfisher" */ = {
			isa = XCRemoteSwiftPackageReference;
			repositoryURL = "https://github.com/onevcat/Kingfisher";
			requirement = {
				kind = exactVersion;
				version = 7.9.1;
			};
		};
/* End XCRemoteSwiftPackageReference section */

/* Begin XCSwiftPackageProductDependency section */
		5897B2002A9F2E1B006ADC33 /* Kingfisher */ = {
			isa = XCSwiftPackageProductDependency;
			package = 5897B1FF2A9F2E1B006ADC33 /* XCRemoteSwiftPackageReference "Kingfisher" */;
			productName = Kingfisher;
		};
/* End XCSwiftPackageProductDependency section */
	};
	rootObject = 5897B1AE2A9B53A9006ADC33 /* Project object */;
}
